
Microsoft Visual Studio Solution File, Format Version 12.00
# Visual Studio 14
VisualStudioVersion = 14.0.25123.0
MinimumVisualStudioVersion = 10.0.40219.1
Project("{FAE04EC0-301F-11D3-BF4B-00C04F79EFBC}") = "SerwisAudiometryczny", "SerwisAudiometryczny\SerwisAudiometryczny.csproj", "{092D5C2C-8B38-4B7C-AF43-5B2FD8554B9D}"
EndProject
Project("{FAE04EC0-301F-11D3-BF4B-00C04F79EFBC}") = "SerwisAudiometryczny.Tests", "SerwisAudiometryczny.Tests\SerwisAudiometryczny.Tests.csproj", "{144A8292-A105-40D3-A2EC-0C9F7AD6B7FC}"
EndProject
Global
	GlobalSection(SolutionConfigurationPlatforms) = preSolution
		Debug|Any CPU = Debug|Any CPU
		Release|Any CPU = Release|Any CPU
	EndGlobalSection
	GlobalSection(ProjectConfigurationPlatforms) = postSolution
		{092D5C2C-8B38-4B7C-AF43-5B2FD8554B9D}.Debug|Any CPU.ActiveCfg = Debug|Any CPU
		{092D5C2C-8B38-4B7C-AF43-5B2FD8554B9D}.Debug|Any CPU.Build.0 = Debug|Any CPU
		{092D5C2C-8B38-4B7C-AF43-5B2FD8554B9D}.Release|Any CPU.ActiveCfg = Release|Any CPU
		{092D5C2C-8B38-4B7C-AF43-5B2FD8554B9D}.Release|Any CPU.Build.0 = Release|Any CPU
		{144A8292-A105-40D3-A2EC-0C9F7AD6B7FC}.Debug|Any CPU.ActiveCfg = Debug|Any CPU
		{144A8292-A105-40D3-A2EC-0C9F7AD6B7FC}.Debug|Any CPU.Build.0 = Debug|Any CPU
		{144A8292-A105-40D3-A2EC-0C9F7AD6B7FC}.Release|Any CPU.ActiveCfg = Release|Any CPU
		{144A8292-A105-40D3-A2EC-0C9F7AD6B7FC}.Release|Any CPU.Build.0 = Release|Any CPU
	EndGlobalSection
	GlobalSection(SolutionProperties) = preSolution
		HideSolutionNode = FALSE
	EndGlobalSection
EndGlobal
